// !$*UTF8*$!
{
	archiveVersion = 1;
	classes = {
	};
	objectVersion = 50;
	objects = {

/* Begin PBXBuildFile section */
		6618A38522CD458A0029C85C /* Images.xcassets in Resources */ = {isa = PBXBuildFile; fileRef = 6618A38422CD458A0029C85C /* Images.xcassets */; };
		662129B522D5276200EE70EA /* DetailedCell.swift in Sources */ = {isa = PBXBuildFile; fileRef = 662129B422D5276200EE70EA /* DetailedCell.swift */; };
		6641E64222DBED2900966BAE /* TableViewMemeCell.swift in Sources */ = {isa = PBXBuildFile; fileRef = 6641E64122DBED2900966BAE /* TableViewMemeCell.swift */; };
		66802E5422D0DFAC0042664F /* Meme.swift in Sources */ = {isa = PBXBuildFile; fileRef = 66802E5322D0DFAC0042664F /* Meme.swift */; };
		66950DEC22C91CB70042F69D /* AppDelegate.swift in Sources */ = {isa = PBXBuildFile; fileRef = 66950DEB22C91CB70042F69D /* AppDelegate.swift */; };
		66950DEE22C91CB70042F69D /* MemeEditorViewController.swift in Sources */ = {isa = PBXBuildFile; fileRef = 66950DED22C91CB70042F69D /* MemeEditorViewController.swift */; };
		66950DF122C91CB70042F69D /* Main.storyboard in Resources */ = {isa = PBXBuildFile; fileRef = 66950DEF22C91CB70042F69D /* Main.storyboard */; };
		66950DF622C91CBE0042F69D /* LaunchScreen.storyboard in Resources */ = {isa = PBXBuildFile; fileRef = 66950DF422C91CBE0042F69D /* LaunchScreen.storyboard */; };
		66BD86F022D2967F005C3CF2 /* SentMemesTableViewController.swift in Sources */ = {isa = PBXBuildFile; fileRef = 66BD86EF22D2967F005C3CF2 /* SentMemesTableViewController.swift */; };
		66BD86F222D29697005C3CF2 /* SentMemesCollectionViewController.swift in Sources */ = {isa = PBXBuildFile; fileRef = 66BD86F122D29697005C3CF2 /* SentMemesCollectionViewController.swift */; };
		66BD86F422D29E94005C3CF2 /* CollectionViewMemeCell.swift in Sources */ = {isa = PBXBuildFile; fileRef = 66BD86F322D29E94005C3CF2 /* CollectionViewMemeCell.swift */; };
/* End PBXBuildFile section */

/* Begin PBXFileReference section */
		6618A38422CD458A0029C85C /* Images.xcassets */ = {isa = PBXFileReference; lastKnownFileType = folder.assetcatalog; path = Images.xcassets; sourceTree = "<group>"; };
		662129B422D5276200EE70EA /* DetailedCell.swift */ = {isa = PBXFileReference; lastKnownFileType = sourcecode.swift; path = DetailedCell.swift; sourceTree = "<group>"; };
		6641E64122DBED2900966BAE /* TableViewMemeCell.swift */ = {isa = PBXFileReference; lastKnownFileType = sourcecode.swift; path = TableViewMemeCell.swift; sourceTree = "<group>"; };
		66802E5322D0DFAC0042664F /* Meme.swift */ = {isa = PBXFileReference; lastKnownFileType = sourcecode.swift; path = Meme.swift; sourceTree = "<group>"; };
		66950DE822C91CB70042F69D /* MemeMe.app */ = {isa = PBXFileReference; explicitFileType = wrapper.application; includeInIndex = 0; path = MemeMe.app; sourceTree = BUILT_PRODUCTS_DIR; };
		66950DEB22C91CB70042F69D /* AppDelegate.swift */ = {isa = PBXFileReference; lastKnownFileType = sourcecode.swift; path = AppDelegate.swift; sourceTree = "<group>"; };
		66950DED22C91CB70042F69D /* MemeEditorViewController.swift */ = {isa = PBXFileReference; lastKnownFileType = sourcecode.swift; path = MemeEditorViewController.swift; sourceTree = "<group>"; };
		66950DF022C91CB70042F69D /* Base */ = {isa = PBXFileReference; lastKnownFileType = file.storyboard; name = Base; path = Base.lproj/Main.storyboard; sourceTree = "<group>"; };
		66950DF522C91CBE0042F69D /* Base */ = {isa = PBXFileReference; lastKnownFileType = file.storyboard; name = Base; path = Base.lproj/LaunchScreen.storyboard; sourceTree = "<group>"; };
		66950DF722C91CBE0042F69D /* Info.plist */ = {isa = PBXFileReference; lastKnownFileType = text.plist.xml; path = Info.plist; sourceTree = "<group>"; };
		66BD86EF22D2967F005C3CF2 /* SentMemesTableViewController.swift */ = {isa = PBXFileReference; lastKnownFileType = sourcecode.swift; path = SentMemesTableViewController.swift; sourceTree = "<group>"; };
		66BD86F122D29697005C3CF2 /* SentMemesCollectionViewController.swift */ = {isa = PBXFileReference; lastKnownFileType = sourcecode.swift; path = SentMemesCollectionViewController.swift; sourceTree = "<group>"; };
		66BD86F322D29E94005C3CF2 /* CollectionViewMemeCell.swift */ = {isa = PBXFileReference; lastKnownFileType = sourcecode.swift; path = CollectionViewMemeCell.swift; sourceTree = "<group>"; };
/* End PBXFileReference section */

/* Begin PBXFrameworksBuildPhase section */
		66950DE522C91CB70042F69D /* Frameworks */ = {
			isa = PBXFrameworksBuildPhase;
			buildActionMask = 2147483647;
			files = (
			);
			runOnlyForDeploymentPostprocessing = 0;
		};
/* End PBXFrameworksBuildPhase section */

/* Begin PBXGroup section */
		66950DDF22C91CB70042F69D = {
			isa = PBXGroup;
			children = (
				66950DEA22C91CB70042F69D /* MemeMe */,
				66950DE922C91CB70042F69D /* Products */,
				6618A38422CD458A0029C85C /* Images.xcassets */,
			);
			sourceTree = "<group>";
		};
		66950DE922C91CB70042F69D /* Products */ = {
			isa = PBXGroup;
			children = (
				66950DE822C91CB70042F69D /* MemeMe.app */,
			);
			name = Products;
			sourceTree = "<group>";
		};
		66950DEA22C91CB70042F69D /* MemeMe */ = {
			isa = PBXGroup;
			children = (
				66BD86EE22D26EEE005C3CF2 /* Model */,
				66BD86ED22D26EE8005C3CF2 /* View */,
				66BD86EC22D26EDF005C3CF2 /* Controller */,
				66950DF722C91CBE0042F69D /* Info.plist */,
			);
			path = MemeMe;
			sourceTree = "<group>";
		};
		66BD86EC22D26EDF005C3CF2 /* Controller */ = {
			isa = PBXGroup;
			children = (
				66950DED22C91CB70042F69D /* MemeEditorViewController.swift */,
				66BD86EF22D2967F005C3CF2 /* SentMemesTableViewController.swift */,
				66BD86F122D29697005C3CF2 /* SentMemesCollectionViewController.swift */,
				6641E64122DBED2900966BAE /* TableViewMemeCell.swift */,
				66BD86F322D29E94005C3CF2 /* CollectionViewMemeCell.swift */,
				662129B422D5276200EE70EA /* DetailedCell.swift */,
				66950DEB22C91CB70042F69D /* AppDelegate.swift */,
			);
			name = Controller;
			sourceTree = "<group>";
		};
		66BD86ED22D26EE8005C3CF2 /* View */ = {
			isa = PBXGroup;
			children = (
				66950DEF22C91CB70042F69D /* Main.storyboard */,
				66950DF422C91CBE0042F69D /* LaunchScreen.storyboard */,
			);
			path = View;
			sourceTree = "<group>";
		};
		66BD86EE22D26EEE005C3CF2 /* Model */ = {
			isa = PBXGroup;
			children = (
				66802E5322D0DFAC0042664F /* Meme.swift */,
			);
			name = Model;
			sourceTree = "<group>";
		};
/* End PBXGroup section */

/* Begin PBXNativeTarget section */
		66950DE722C91CB70042F69D /* MemeMe */ = {
			isa = PBXNativeTarget;
			buildConfigurationList = 66950DFA22C91CBE0042F69D /* Build configuration list for PBXNativeTarget "MemeMe" */;
			buildPhases = (
				66950DE422C91CB70042F69D /* Sources */,
				66950DE522C91CB70042F69D /* Frameworks */,
				66950DE622C91CB70042F69D /* Resources */,
			);
			buildRules = (
			);
			dependencies = (
			);
			name = MemeMe;
			productName = MemeMe;
			productReference = 66950DE822C91CB70042F69D /* MemeMe.app */;
			productType = "com.apple.product-type.application";
		};
/* End PBXNativeTarget section */

/* Begin PBXProject section */
		66950DE022C91CB70042F69D /* Project object */ = {
			isa = PBXProject;
			attributes = {
				LastSwiftUpdateCheck = 1020;
				LastUpgradeCheck = 1020;
				ORGANIZATIONNAME = "Aly Essam";
				TargetAttributes = {
					66950DE722C91CB70042F69D = {
						CreatedOnToolsVersion = 10.2.1;
					};
				};
			};
			buildConfigurationList = 66950DE322C91CB70042F69D /* Build configuration list for PBXProject "MemeMe" */;
			compatibilityVersion = "Xcode 9.3";
			developmentRegion = en;
			hasScannedForEncodings = 0;
			knownRegions = (
				en,
				Base,
			);
			mainGroup = 66950DDF22C91CB70042F69D;
			productRefGroup = 66950DE922C91CB70042F69D /* Products */;
			projectDirPath = "";
			projectRoot = "";
			targets = (
				66950DE722C91CB70042F69D /* MemeMe */,
			);
		};
/* End PBXProject section */

/* Begin PBXResourcesBuildPhase section */
		66950DE622C91CB70042F69D /* Resources */ = {
			isa = PBXResourcesBuildPhase;
			buildActionMask = 2147483647;
			files = (
				6618A38522CD458A0029C85C /* Images.xcassets in Resources */,
				66950DF622C91CBE0042F69D /* LaunchScreen.storyboard in Resources */,
				66950DF122C91CB70042F69D /* Main.storyboard in Resources */,
			);
			runOnlyForDeploymentPostprocessing = 0;
		};
/* End PBXResourcesBuildPhase section */

/* Begin PBXSourcesBuildPhase section */
		66950DE422C91CB70042F69D /* Sources */ = {
			isa = PBXSourcesBuildPhase;
			buildActionMask = 2147483647;
			files = (
				66802E5422D0DFAC0042664F /* Meme.swift in Sources */,
				6641E64222DBED2900966BAE /* TableViewMemeCell.swift in Sources */,
				66BD86F022D2967F005C3CF2 /* SentMemesTableViewController.swift in Sources */,
				66BD86F222D29697005C3CF2 /* SentMemesCollectionViewController.swift in Sources */,
				66950DEE22C91CB70042F69D /* MemeEditorViewController.swift in Sources */,
				662129B522D5276200EE70EA /* DetailedCell.swift in Sources */,
				66950DEC22C91CB70042F69D /* AppDelegate.swift in Sources */,
				66BD86F422D29E94005C3CF2 /* CollectionViewMemeCell.swift in Sources */,
			);
			runOnlyForDeploymentPostprocessing = 0;
		};
/* End PBXSourcesBuildPhase section */

/* Begin PBXVariantGroup section */
		66950DEF22C91CB70042F69D /* Main.storyboard */ = {
			isa = PBXVariantGroup;
			children = (
				66950DF022C91CB70042F69D /* Base */,
			);
			name = Main.storyboard;
			sourceTree = "<group>";
		};
		66950DF422C91CBE0042F69D /* LaunchScreen.storyboard */ = {
			isa = PBXVariantGroup;
			children = (
				66950DF522C91CBE0042F69D /* Base */,
			);
			name = LaunchScreen.storyboard;
			sourceTree = "<group>";
		};
/* End PBXVariantGroup section */

/* Begin XCBuildConfiguration section */
		66950DF822C91CBE0042F69D /* Debug */ = {
			isa = XCBuildConfiguration;
			buildSettings = {
				ALWAYS_SEARCH_USER_PATHS = NO;
				CLANG_ANALYZER_NONNULL = YES;
				CLANG_ANALYZER_NUMBER_OBJECT_CONVERSION = YES_AGGRESSIVE;
				CLANG_CXX_LANGUAGE_STANDARD = "gnu++14";
				CLANG_CXX_LIBRARY = "libc++";
				CLANG_ENABLE_MODULES = YES;
				CLANG_ENABLE_OBJC_ARC = YES;
				CLANG_ENABLE_OBJC_WEAK = YES;
				CLANG_WARN_BLOCK_CAPTURE_AUTORELEASING = YES;
				CLANG_WARN_BOOL_CONVERSION = YES;
				CLANG_WARN_COMMA = YES;
				CLANG_WARN_CONSTANT_CONVERSION = YES;
				CLANG_WARN_DEPRECATED_OBJC_IMPLEMENTATIONS = YES;
				CLANG_WARN_DIRECT_OBJC_ISA_USAGE = YES_ERROR;
				CLANG_WARN_DOCUMENTATION_COMMENTS = YES;
				CLANG_WARN_EMPTY_BODY = YES;
				CLANG_WARN_ENUM_CONVERSION = YES;
				CLANG_WARN_INFINITE_RECURSION = YES;
				CLANG_WARN_INT_CONVERSION = YES;
				CLANG_WARN_NON_LITERAL_NULL_CONVERSION = YES;
				CLANG_WARN_OBJC_IMPLICIT_RETAIN_SELF = YES;
				CLANG_WARN_OBJC_LITERAL_CONVERSION = YES;
				CLANG_WARN_OBJC_ROOT_CLASS = YES_ERROR;
				CLANG_WARN_RANGE_LOOP_ANALYSIS = YES;
				CLANG_WARN_STRICT_PROTOTYPES = YES;
				CLANG_WARN_SUSPICIOUS_MOVE = YES;
				CLANG_WARN_UNGUARDED_AVAILABILITY = YES_AGGRESSIVE;
				CLANG_WARN_UNREACHABLE_CODE = YES;
				CLANG_WARN__DUPLICATE_METHOD_MATCH = YES;
				CODE_SIGN_IDENTITY = "iPhone Developer";
				COPY_PHASE_STRIP = NO;
				DEBUG_INFORMATION_FORMAT = dwarf;
				ENABLE_STRICT_OBJC_MSGSEND = YES;
				ENABLE_TESTABILITY = YES;
				GCC_C_LANGUAGE_STANDARD = gnu11;
				GCC_DYNAMIC_NO_PIC = NO;
				GCC_NO_COMMON_BLOCKS = YES;
				GCC_OPTIMIZATION_LEVEL = 0;
				GCC_PREPROCESSOR_DEFINITIONS = (
					"DEBUG=1",
					"$(inherited)",
				);
				GCC_WARN_64_TO_32_BIT_CONVERSION = YES;
				GCC_WARN_ABOUT_RETURN_TYPE = YES_ERROR;
				GCC_WARN_UNDECLARED_SELECTOR = YES;
				GCC_WARN_UNINITIALIZED_AUTOS = YES_AGGRESSIVE;
				GCC_WARN_UNUSED_FUNCTION = YES;
				GCC_WARN_UNUSED_VARIABLE = YES;
				IPHONEOS_DEPLOYMENT_TARGET = 11.3;
				MTL_ENABLE_DEBUG_INFO = INCLUDE_SOURCE;
				MTL_FAST_MATH = YES;
				ONLY_ACTIVE_ARCH = YES;
				SDKROOT = iphoneos;
				SWIFT_ACTIVE_COMPILATION_CONDITIONS = DEBUG;
				SWIFT_OPTIMIZATION_LEVEL = "-Onone";
				SWIFT_VERSION = 5.0;
			};
			name = Debug;
		};
		66950DF922C91CBE0042F69D /* Release */ = {
			isa = XCBuildConfiguration;
			buildSettings = {
				ALWAYS_SEARCH_USER_PATHS = NO;
				CLANG_ANALYZER_NONNULL = YES;
				CLANG_ANALYZER_NUMBER_OBJECT_CONVERSION = YES_AGGRESSIVE;
				CLANG_CXX_LANGUAGE_STANDARD = "gnu++14";
				CLANG_CXX_LIBRARY = "libc++";
				CLANG_ENABLE_MODULES = YES;
				CLANG_ENABLE_OBJC_ARC = YES;
				CLANG_ENABLE_OBJC_WEAK = YES;
				CLANG_WARN_BLOCK_CAPTURE_AUTORELEASING = YES;
				CLANG_WARN_BOOL_CONVERSION = YES;
				CLANG_WARN_COMMA = YES;
				CLANG_WARN_CONSTANT_CONVERSION = YES;
				CLANG_WARN_DEPRECATED_OBJC_IMPLEMENTATIONS = YES;
				CLANG_WARN_DIRECT_OBJC_ISA_USAGE = YES_ERROR;
				CLANG_WARN_DOCUMENTATION_COMMENTS = YES;
				CLANG_WARN_EMPTY_BODY = YES;
				CLANG_WARN_ENUM_CONVERSION = YES;
				CLANG_WARN_INFINITE_RECURSION = YES;
				CLANG_WARN_INT_CONVERSION = YES;
				CLANG_WARN_NON_LITERAL_NULL_CONVERSION = YES;
				CLANG_WARN_OBJC_IMPLICIT_RETAIN_SELF = YES;
				CLANG_WARN_OBJC_LITERAL_CONVERSION = YES;
				CLANG_WARN_OBJC_ROOT_CLASS = YES_ERROR;
				CLANG_WARN_RANGE_LOOP_ANALYSIS = YES;
				CLANG_WARN_STRICT_PROTOTYPES = YES;
				CLANG_WARN_SUSPICIOUS_MOVE = YES;
				CLANG_WARN_UNGUARDED_AVAILABILITY = YES_AGGRESSIVE;
				CLANG_WARN_UNREACHABLE_CODE = YES;
				CLANG_WARN__DUPLICATE_METHOD_MATCH = YES;
				CODE_SIGN_IDENTITY = "iPhone Developer";
				COPY_PHASE_STRIP = NO;
				DEBUG_INFORMATION_FORMAT = "dwarf-with-dsym";
				ENABLE_NS_ASSERTIONS = NO;
				ENABLE_STRICT_OBJC_MSGSEND = YES;
				GCC_C_LANGUAGE_STANDARD = gnu11;
				GCC_NO_COMMON_BLOCKS = YES;
				GCC_WARN_64_TO_32_BIT_CONVERSION = YES;
				GCC_WARN_ABOUT_RETURN_TYPE = YES_ERROR;
				GCC_WARN_UNDECLARED_SELECTOR = YES;
				GCC_WARN_UNINITIALIZED_AUTOS = YES_AGGRESSIVE;
				GCC_WARN_UNUSED_FUNCTION = YES;
				GCC_WARN_UNUSED_VARIABLE = YES;
				IPHONEOS_DEPLOYMENT_TARGET = 11.3;
				MTL_ENABLE_DEBUG_INFO = NO;
				MTL_FAST_MATH = YES;
				SDKROOT = iphoneos;
				SWIFT_COMPILATION_MODE = wholemodule;
				SWIFT_OPTIMIZATION_LEVEL = "-O";
				SWIFT_VERSION = 5.0;
				VALIDATE_PRODUCT = YES;
			};
			name = Release;
		};
		66950DFB22C91CBE0042F69D /* Debug */ = {
			isa = XCBuildConfiguration;
			buildSettings = {
				ASSETCATALOG_COMPILER_APPICON_NAME = AppIcon;
				CODE_SIGN_STYLE = Automatic;
				DEVELOPMENT_TEAM = FX6C9QFXX9;
				INFOPLIST_FILE = MemeMe/Info.plist;
				IPHONEOS_DEPLOYMENT_TARGET = 10.3;
				LD_RUNPATH_SEARCH_PATHS = (
					"$(inherited)",
					"@executable_path/Frameworks",
				);
				PRODUCT_BUNDLE_IDENTIFIER = com.aly.myDelegate.MemeMe;
				PRODUCT_NAME = "$(TARGET_NAME)";
				SWIFT_VERSION = 5.0;
				TARGETED_DEVICE_FAMILY = "1,2";
			};
			name = Debug;
		};
		66950DFC22C91CBE0042F69D /* Release */ = {
			isa = XCBuildConfiguration;
			buildSettings = {
				ASSETCATALOG_COMPILER_APPICON_NAME = AppIcon;
				CODE_SIGN_STYLE = Automatic;
				DEVELOPMENT_TEAM = FX6C9QFXX9;
				INFOPLIST_FILE = MemeMe/Info.plist;
				IPHONEOS_DEPLOYMENT_TARGET = 10.3;
				LD_RUNPATH_SEARCH_PATHS = (
					"$(inherited)",
					"@executable_path/Frameworks",
				);
				PRODUCT_BUNDLE_IDENTIFIER = com.aly.myDelegate.MemeMe;
				PRODUCT_NAME = "$(TARGET_NAME)";
				SWIFT_VERSION = 5.0;
				TARGETED_DEVICE_FAMILY = "1,2";
			};
			name = Release;
		};
/* End XCBuildConfiguration section */

/* Begin XCConfigurationList section */
		66950DE322C91CB70042F69D /* Build configuration list for PBXProject "MemeMe" */ = {
			isa = XCConfigurationList;
			buildConfigurations = (
				66950DF822C91CBE0042F69D /* Debug */,
				66950DF922C91CBE0042F69D /* Release */,
			);
			defaultConfigurationIsVisible = 0;
			defaultConfigurationName = Release;
		};
		66950DFA22C91CBE0042F69D /* Build configuration list for PBXNativeTarget "MemeMe" */ = {
			isa = XCConfigurationList;
			buildConfigurations = (
				66950DFB22C91CBE0042F69D /* Debug */,
				66950DFC22C91CBE0042F69D /* Release */,
			);
			defaultConfigurationIsVisible = 0;
			defaultConfigurationName = Release;
		};
/* End XCConfigurationList section */
	};
	rootObject = 66950DE022C91CB70042F69D /* Project object */;
}
